{
  "name": "gemini-api",
  "version": "1.0.0",
  "lockfileVersion": 3,
  "requires": true,
  "packages": {
    "": {
      "name": "gemini-api",
      "version": "1.0.0",
      "license": "ISC",
      "dependencies": {
        "jspython-interpreter": "^2.1.15"
      }
    },
    "node_modules/jspython-interpreter": {
      "version": "2.1.15",
      "resolved": "https://registry.npmjs.org/jspython-interpreter/-/jspython-interpreter-2.1.15.tgz",
      "integrity": "sha512-Xx8Cah1c+3rb4Xn12QdM63agZra3ncBo+FnuCT2p0alUl9bo19/AohJXe6HSXc2LzYqRvcKUvKM6Lo3pr0SFfw==",
      "license": "BSD 3-Clause"
    }
  }
}
